// !$*UTF8*$!
{
	archiveVersion = 1;
	classes = {
	};
	objectVersion = 55;
	objects = {

/* Begin PBXBuildFile section */
		5FE2304EDF23EF5CA2CF8E6A /* Pods_ZendeskDemo.framework in Frameworks */ = {isa = PBXBuildFile; fileRef = 06940BE788D07D1E95E5433C /* Pods_ZendeskDemo.framework */; };
		C4AFB5BC28BE025800643E46 /* AppDelegate.m in Sources */ = {isa = PBXBuildFile; fileRef = C4AFB5BB28BE025800643E46 /* AppDelegate.m */; };
		C4AFB5BF28BE025800643E46 /* SceneDelegate.m in Sources */ = {isa = PBXBuildFile; fileRef = C4AFB5BE28BE025800643E46 /* SceneDelegate.m */; };
		C4AFB5C228BE025800643E46 /* ViewController.m in Sources */ = {isa = PBXBuildFile; fileRef = C4AFB5C128BE025800643E46 /* ViewController.m */; };
		C4AFB5C528BE025800643E46 /* Main.storyboard in Resources */ = {isa = PBXBuildFile; fileRef = C4AFB5C328BE025800643E46 /* Main.storyboard */; };
		C4AFB5C728BE025900643E46 /* Assets.xcassets in Resources */ = {isa = PBXBuildFile; fileRef = C4AFB5C628BE025900643E46 /* Assets.xcassets */; };
		C4AFB5CA28BE025900643E46 /* LaunchScreen.storyboard in Resources */ = {isa = PBXBuildFile; fileRef = C4AFB5C828BE025900643E46 /* LaunchScreen.storyboard */; };
		C4AFB5CD28BE025900643E46 /* main.m in Sources */ = {isa = PBXBuildFile; fileRef = C4AFB5CC28BE025900643E46 /* main.m */; };
/* End PBXBuildFile section */

/* Begin PBXFileReference section */
		06940BE788D07D1E95E5433C /* Pods_ZendeskDemo.framework */ = {isa = PBXFileReference; explicitFileType = wrapper.framework; includeInIndex = 0; path = Pods_ZendeskDemo.framework; sourceTree = BUILT_PRODUCTS_DIR; };
		1DAA7FDBA2A81601D577F173 /* Pods-ZendeskDemo.debug.xcconfig */ = {isa = PBXFileReference; includeInIndex = 1; lastKnownFileType = text.xcconfig; name = "Pods-ZendeskDemo.debug.xcconfig"; path = "Target Support Files/Pods-ZendeskDemo/Pods-ZendeskDemo.debug.xcconfig"; sourceTree = "<group>"; };
		C416FF163447D7613FC4441E /* Pods-ZendeskDemo.release.xcconfig */ = {isa = PBXFileReference; includeInIndex = 1; lastKnownFileType = text.xcconfig; name = "Pods-ZendeskDemo.release.xcconfig"; path = "Target Support Files/Pods-ZendeskDemo/Pods-ZendeskDemo.release.xcconfig"; sourceTree = "<group>"; };
		C4AFB5B728BE025800643E46 /* ZendeskDemo.app */ = {isa = PBXFileReference; explicitFileType = wrapper.application; includeInIndex = 0; path = ZendeskDemo.app; sourceTree = BUILT_PRODUCTS_DIR; };
		C4AFB5BA28BE025800643E46 /* AppDelegate.h */ = {isa = PBXFileReference; lastKnownFileType = sourcecode.c.h; path = AppDelegate.h; sourceTree = "<group>"; };
		C4AFB5BB28BE025800643E46 /* AppDelegate.m */ = {isa = PBXFileReference; lastKnownFileType = sourcecode.c.objc; path = AppDelegate.m; sourceTree = "<group>"; };
		C4AFB5BD28BE025800643E46 /* SceneDelegate.h */ = {isa = PBXFileReference; lastKnownFileType = sourcecode.c.h; path = SceneDelegate.h; sourceTree = "<group>"; };
		C4AFB5BE28BE025800643E46 /* SceneDelegate.m */ = {isa = PBXFileReference; lastKnownFileType = sourcecode.c.objc; path = SceneDelegate.m; sourceTree = "<group>"; };
		C4AFB5C028BE025800643E46 /* ViewController.h */ = {isa = PBXFileReference; lastKnownFileType = sourcecode.c.h; path = ViewController.h; sourceTree = "<group>"; };
		C4AFB5C128BE025800643E46 /* ViewController.m */ = {isa = PBXFileReference; lastKnownFileType = sourcecode.c.objc; path = ViewController.m; sourceTree = "<group>"; };
		C4AFB5C428BE025800643E46 /* Base */ = {isa = PBXFileReference; lastKnownFileType = file.storyboard; name = Base; path = Base.lproj/Main.storyboard; sourceTree = "<group>"; };
		C4AFB5C628BE025900643E46 /* Assets.xcassets */ = {isa = PBXFileReference; lastKnownFileType = folder.assetcatalog; path = Assets.xcassets; sourceTree = "<group>"; };
		C4AFB5C928BE025900643E46 /* Base */ = {isa = PBXFileReference; lastKnownFileType = file.storyboard; name = Base; path = Base.lproj/LaunchScreen.storyboard; sourceTree = "<group>"; };
		C4AFB5CB28BE025900643E46 /* Info.plist */ = {isa = PBXFileReference; lastKnownFileType = text.plist.xml; path = Info.plist; sourceTree = "<group>"; };
		C4AFB5CC28BE025900643E46 /* main.m */ = {isa = PBXFileReference; lastKnownFileType = sourcecode.c.objc; path = main.m; sourceTree = "<group>"; };
/* End PBXFileReference section */

/* Begin PBXFrameworksBuildPhase section */
		C4AFB5B428BE025800643E46 /* Frameworks */ = {
			isa = PBXFrameworksBuildPhase;
			buildActionMask = 2147483647;
			files = (
				5FE2304EDF23EF5CA2CF8E6A /* Pods_ZendeskDemo.framework in Frameworks */,
			);
			runOnlyForDeploymentPostprocessing = 0;
		};
/* End PBXFrameworksBuildPhase section */

/* Begin PBXGroup section */
		1C91330E49A190087E040E2B /* Pods */ = {
			isa = PBXGroup;
			children = (
				1DAA7FDBA2A81601D577F173 /* Pods-ZendeskDemo.debug.xcconfig */,
				C416FF163447D7613FC4441E /* Pods-ZendeskDemo.release.xcconfig */,
			);
			name = Pods;
			path = Pods;
			sourceTree = "<group>";
		};
		81CF80E91C08D2EECC426BC9 /* Frameworks */ = {
			isa = PBXGroup;
			children = (
				06940BE788D07D1E95E5433C /* Pods_ZendeskDemo.framework */,
			);
			name = Frameworks;
			sourceTree = "<group>";
		};
		C4AFB5AE28BE025800643E46 = {
			isa = PBXGroup;
			children = (
				C4AFB5B928BE025800643E46 /* ZendeskDemo */,
				C4AFB5B828BE025800643E46 /* Products */,
				1C91330E49A190087E040E2B /* Pods */,
				81CF80E91C08D2EECC426BC9 /* Frameworks */,
			);
			sourceTree = "<group>";
		};
		C4AFB5B828BE025800643E46 /* Products */ = {
			isa = PBXGroup;
			children = (
				C4AFB5B728BE025800643E46 /* ZendeskDemo.app */,
			);
			name = Products;
			sourceTree = "<group>";
		};
		C4AFB5B928BE025800643E46 /* ZendeskDemo */ = {
			isa = PBXGroup;
			children = (
				C4AFB5BA28BE025800643E46 /* AppDelegate.h */,
				C4AFB5BB28BE025800643E46 /* AppDelegate.m */,
				C4AFB5BD28BE025800643E46 /* SceneDelegate.h */,
				C4AFB5BE28BE025800643E46 /* SceneDelegate.m */,
				C4AFB5C028BE025800643E46 /* ViewController.h */,
				C4AFB5C128BE025800643E46 /* ViewController.m */,
				C4AFB5C328BE025800643E46 /* Main.storyboard */,
				C4AFB5C628BE025900643E46 /* Assets.xcassets */,
				C4AFB5C828BE025900643E46 /* LaunchScreen.storyboard */,
				C4AFB5CB28BE025900643E46 /* Info.plist */,
				C4AFB5CC28BE025900643E46 /* main.m */,
			);
			path = ZendeskDemo;
			sourceTree = "<group>";
		};
/* End PBXGroup section */

/* Begin PBXNativeTarget section */
		C4AFB5B628BE025800643E46 /* ZendeskDemo */ = {
			isa = PBXNativeTarget;
			buildConfigurationList = C4AFB5D028BE025900643E46 /* Build configuration list for PBXNativeTarget "ZendeskDemo" */;
			buildPhases = (
				4E4A0A752A78F1005DFD6AC2 /* [CP] Check Pods Manifest.lock */,
				C4AFB5B328BE025800643E46 /* Sources */,
				C4AFB5B428BE025800643E46 /* Frameworks */,
				C4AFB5B528BE025800643E46 /* Resources */,
				D5C80CF4CD51CCEBDB400887 /* [CP] Embed Pods Frameworks */,
			);
			buildRules = (
			);
			dependencies = (
			);
			name = ZendeskDemo;
			productName = ZendeskDemo;
			productReference = C4AFB5B728BE025800643E46 /* ZendeskDemo.app */;
			productType = "com.apple.product-type.application";
		};
/* End PBXNativeTarget section */

/* Begin PBXProject section */
		C4AFB5AF28BE025800643E46 /* Project object */ = {
			isa = PBXProject;
			attributes = {
				BuildIndependentTargetsInParallel = 1;
				LastUpgradeCheck = 1340;
				TargetAttributes = {
					C4AFB5B628BE025800643E46 = {
						CreatedOnToolsVersion = 13.4;
					};
				};
			};
			buildConfigurationList = C4AFB5B228BE025800643E46 /* Build configuration list for PBXProject "ZendeskDemo" */;
			compatibilityVersion = "Xcode 13.0";
			developmentRegion = en;
			hasScannedForEncodings = 0;
			knownRegions = (
				en,
				Base,
			);
			mainGroup = C4AFB5AE28BE025800643E46;
			productRefGroup = C4AFB5B828BE025800643E46 /* Products */;
			projectDirPath = "";
			projectRoot = "";
			targets = (
				C4AFB5B628BE025800643E46 /* ZendeskDemo */,
			);
		};
/* End PBXProject section */

/* Begin PBXResourcesBuildPhase section */
		C4AFB5B528BE025800643E46 /* Resources */ = {
			isa = PBXResourcesBuildPhase;
			buildActionMask = 2147483647;
			files = (
				C4AFB5CA28BE025900643E46 /* LaunchScreen.storyboard in Resources */,
				C4AFB5C728BE025900643E46 /* Assets.xcassets in Resources */,
				C4AFB5C528BE025800643E46 /* Main.storyboard in Resources */,
			);
			runOnlyForDeploymentPostprocessing = 0;
		};
/* End PBXResourcesBuildPhase section */

/* Begin PBXShellScriptBuildPhase section */
		4E4A0A752A78F1005DFD6AC2 /* [CP] Check Pods Manifest.lock */ = {
			isa = PBXShellScriptBuildPhase;
			buildActionMask = 2147483647;
			files = (
			);
			inputFileListPaths = (
			);
			inputPaths = (
				"${PODS_PODFILE_DIR_PATH}/Podfile.lock",
				"${PODS_ROOT}/Manifest.lock",
			);
			name = "[CP] Check Pods Manifest.lock";
			outputFileListPaths = (
			);
			outputPaths = (
				"$(DERIVED_FILE_DIR)/Pods-ZendeskDemo-checkManifestLockResult.txt",
			);
			runOnlyForDeploymentPostprocessing = 0;
			shellPath = /bin/sh;
			shellScript = "diff \"${PODS_PODFILE_DIR_PATH}/Podfile.lock\" \"${PODS_ROOT}/Manifest.lock\" > /dev/null\nif [ $? != 0 ] ; then\n    # print error to STDERR\n    echo \"error: The sandbox is not in sync with the Podfile.lock. Run 'pod install' or update your CocoaPods installation.\" >&2\n    exit 1\nfi\n# This output is used by Xcode 'outputs' to avoid re-running this script phase.\necho \"SUCCESS\" > \"${SCRIPT_OUTPUT_FILE_0}\"\n";
			showEnvVarsInLog = 0;
		};
		D5C80CF4CD51CCEBDB400887 /* [CP] Embed Pods Frameworks */ = {
			isa = PBXShellScriptBuildPhase;
			buildActionMask = 2147483647;
			files = (
			);
			inputFileListPaths = (
				"${PODS_ROOT}/Target Support Files/Pods-ZendeskDemo/Pods-ZendeskDemo-frameworks-${CONFIGURATION}-input-files.xcfilelist",
			);
			name = "[CP] Embed Pods Frameworks";
			outputFileListPaths = (
				"${PODS_ROOT}/Target Support Files/Pods-ZendeskDemo/Pods-ZendeskDemo-frameworks-${CONFIGURATION}-output-files.xcfilelist",
			);
			runOnlyForDeploymentPostprocessing = 0;
			shellPath = /bin/sh;
			shellScript = "\"${PODS_ROOT}/Target Support Files/Pods-ZendeskDemo/Pods-ZendeskDemo-frameworks.sh\"\n";
			showEnvVarsInLog = 0;
		};
/* End PBXShellScriptBuildPhase section */

/* Begin PBXSourcesBuildPhase section */
		C4AFB5B328BE025800643E46 /* Sources */ = {
			isa = PBXSourcesBuildPhase;
			buildActionMask = 2147483647;
			files = (
				C4AFB5C228BE025800643E46 /* ViewController.m in Sources */,
				C4AFB5BC28BE025800643E46 /* AppDelegate.m in Sources */,
				C4AFB5CD28BE025900643E46 /* main.m in Sources */,
				C4AFB5BF28BE025800643E46 /* SceneDelegate.m in Sources */,
			);
			runOnlyForDeploymentPostprocessing = 0;
		};
/* End PBXSourcesBuildPhase section */

/* Begin PBXVariantGroup section */
		C4AFB5C328BE025800643E46 /* Main.storyboard */ = {
			isa = PBXVariantGroup;
			children = (
				C4AFB5C428BE025800643E46 /* Base */,
			);
			name = Main.storyboard;
			sourceTree = "<group>";
		};
		C4AFB5C828BE025900643E46 /* LaunchScreen.storyboard */ = {
			isa = PBXVariantGroup;
			children = (
				C4AFB5C928BE025900643E46 /* Base */,
			);
			name = LaunchScreen.storyboard;
			sourceTree = "<group>";
		};
/* End PBXVariantGroup section */

/* Begin XCBuildConfiguration section */
		C4AFB5CE28BE025900643E46 /* Debug */ = {
			isa = XCBuildConfiguration;
			buildSettings = {
				ALWAYS_SEARCH_USER_PATHS = NO;
				CLANG_ANALYZER_NONNULL = YES;
				CLANG_ANALYZER_NUMBER_OBJECT_CONVERSION = YES_AGGRESSIVE;
				CLANG_CXX_LANGUAGE_STANDARD = "gnu++17";
				CLANG_ENABLE_MODULES = YES;
				CLANG_ENABLE_OBJC_ARC = YES;
				CLANG_ENABLE_OBJC_WEAK = YES;
				CLANG_WARN_BLOCK_CAPTURE_AUTORELEASING = YES;
				CLANG_WARN_BOOL_CONVERSION = YES;
				CLANG_WARN_COMMA = YES;
				CLANG_WARN_CONSTANT_CONVERSION = YES;
				CLANG_WARN_DEPRECATED_OBJC_IMPLEMENTATIONS = YES;
				CLANG_WARN_DIRECT_OBJC_ISA_USAGE = YES_ERROR;
				CLANG_WARN_DOCUMENTATION_COMMENTS = YES;
				CLANG_WARN_EMPTY_BODY = YES;
				CLANG_WARN_ENUM_CONVERSION = YES;
				CLANG_WARN_INFINITE_RECURSION = YES;
				CLANG_WARN_INT_CONVERSION = YES;
				CLANG_WARN_NON_LITERAL_NULL_CONVERSION = YES;
				CLANG_WARN_OBJC_IMPLICIT_RETAIN_SELF = YES;
				CLANG_WARN_OBJC_LITERAL_CONVERSION = YES;
				CLANG_WARN_OBJC_ROOT_CLASS = YES_ERROR;
				CLANG_WARN_QUOTED_INCLUDE_IN_FRAMEWORK_HEADER = YES;
				CLANG_WARN_RANGE_LOOP_ANALYSIS = YES;
				CLANG_WARN_STRICT_PROTOTYPES = YES;
				CLANG_WARN_SUSPICIOUS_MOVE = YES;
				CLANG_WARN_UNGUARDED_AVAILABILITY = YES_AGGRESSIVE;
				CLANG_WARN_UNREACHABLE_CODE = YES;
				CLANG_WARN__DUPLICATE_METHOD_MATCH = YES;
				COPY_PHASE_STRIP = NO;
				DEBUG_INFORMATION_FORMAT = dwarf;
				ENABLE_STRICT_OBJC_MSGSEND = YES;
				ENABLE_TESTABILITY = YES;
				GCC_C_LANGUAGE_STANDARD = gnu11;
				GCC_DYNAMIC_NO_PIC = NO;
				GCC_NO_COMMON_BLOCKS = YES;
				GCC_OPTIMIZATION_LEVEL = 0;
				GCC_PREPROCESSOR_DEFINITIONS = (
					"DEBUG=1",
					"$(inherited)",
				);
				GCC_WARN_64_TO_32_BIT_CONVERSION = YES;
				GCC_WARN_ABOUT_RETURN_TYPE = YES_ERROR;
				GCC_WARN_UNDECLARED_SELECTOR = YES;
				GCC_WARN_UNINITIALIZED_AUTOS = YES_AGGRESSIVE;
				GCC_WARN_UNUSED_FUNCTION = YES;
				GCC_WARN_UNUSED_VARIABLE = YES;
				IPHONEOS_DEPLOYMENT_TARGET = 15.5;
				MTL_ENABLE_DEBUG_INFO = INCLUDE_SOURCE;
				MTL_FAST_MATH = YES;
				ONLY_ACTIVE_ARCH = YES;
				SDKROOT = iphoneos;
			};
			name = Debug;
		};
		C4AFB5CF28BE025900643E46 /* Release */ = {
			isa = XCBuildConfiguration;
			buildSettings = {
				ALWAYS_SEARCH_USER_PATHS = NO;
				CLANG_ANALYZER_NONNULL = YES;
				CLANG_ANALYZER_NUMBER_OBJECT_CONVERSION = YES_AGGRESSIVE;
				CLANG_CXX_LANGUAGE_STANDARD = "gnu++17";
				CLANG_ENABLE_MODULES = YES;
				CLANG_ENABLE_OBJC_ARC = YES;
				CLANG_ENABLE_OBJC_WEAK = YES;
				CLANG_WARN_BLOCK_CAPTURE_AUTORELEASING = YES;
				CLANG_WARN_BOOL_CONVERSION = YES;
				CLANG_WARN_COMMA = YES;
				CLANG_WARN_CONSTANT_CONVERSION = YES;
				CLANG_WARN_DEPRECATED_OBJC_IMPLEMENTATIONS = YES;
				CLANG_WARN_DIRECT_OBJC_ISA_USAGE = YES_ERROR;
				CLANG_WARN_DOCUMENTATION_COMMENTS = YES;
				CLANG_WARN_EMPTY_BODY = YES;
				CLANG_WARN_ENUM_CONVERSION = YES;
				CLANG_WARN_INFINITE_RECURSION = YES;
				CLANG_WARN_INT_CONVERSION = YES;
				CLANG_WARN_NON_LITERAL_NULL_CONVERSION = YES;
				CLANG_WARN_OBJC_IMPLICIT_RETAIN_SELF = YES;
				CLANG_WARN_OBJC_LITERAL_CONVERSION = YES;
				CLANG_WARN_OBJC_ROOT_CLASS = YES_ERROR;
				CLANG_WARN_QUOTED_INCLUDE_IN_FRAMEWORK_HEADER = YES;
				CLANG_WARN_RANGE_LOOP_ANALYSIS = YES;
				CLANG_WARN_STRICT_PROTOTYPES = YES;
				CLANG_WARN_SUSPICIOUS_MOVE = YES;
				CLANG_WARN_UNGUARDED_AVAILABILITY = YES_AGGRESSIVE;
				CLANG_WARN_UNREACHABLE_CODE = YES;
				CLANG_WARN__DUPLICATE_METHOD_MATCH = YES;
				COPY_PHASE_STRIP = NO;
				DEBUG_INFORMATION_FORMAT = "dwarf-with-dsym";
				ENABLE_NS_ASSERTIONS = NO;
				ENABLE_STRICT_OBJC_MSGSEND = YES;
				GCC_C_LANGUAGE_STANDARD = gnu11;
				GCC_NO_COMMON_BLOCKS = YES;
				GCC_WARN_64_TO_32_BIT_CONVERSION = YES;
				GCC_WARN_ABOUT_RETURN_TYPE = YES_ERROR;
				GCC_WARN_UNDECLARED_SELECTOR = YES;
				GCC_WARN_UNINITIALIZED_AUTOS = YES_AGGRESSIVE;
				GCC_WARN_UNUSED_FUNCTION = YES;
				GCC_WARN_UNUSED_VARIABLE = YES;
				IPHONEOS_DEPLOYMENT_TARGET = 15.5;
				MTL_ENABLE_DEBUG_INFO = NO;
				MTL_FAST_MATH = YES;
				SDKROOT = iphoneos;
				VALIDATE_PRODUCT = YES;
			};
			name = Release;
		};
		C4AFB5D128BE025900643E46 /* Debug */ = {
			isa = XCBuildConfiguration;
			baseConfigurationReference = 1DAA7FDBA2A81601D577F173 /* Pods-ZendeskDemo.debug.xcconfig */;
			buildSettings = {
				ASSETCATALOG_COMPILER_APPICON_NAME = AppIcon;
				ASSETCATALOG_COMPILER_GLOBAL_ACCENT_COLOR_NAME = AccentColor;
				CODE_SIGN_STYLE = Automatic;
				CURRENT_PROJECT_VERSION = 1;
				GENERATE_INFOPLIST_FILE = YES;
				INFOPLIST_FILE = ZendeskDemo/Info.plist;
				INFOPLIST_KEY_UIApplicationSupportsIndirectInputEvents = YES;
				INFOPLIST_KEY_UILaunchStoryboardName = LaunchScreen;
				INFOPLIST_KEY_UIMainStoryboardFile = Main;
				INFOPLIST_KEY_UISupportedInterfaceOrientations_iPad = "UIInterfaceOrientationPortrait UIInterfaceOrientationPortraitUpsideDown UIInterfaceOrientationLandscapeLeft UIInterfaceOrientationLandscapeRight";
				INFOPLIST_KEY_UISupportedInterfaceOrientations_iPhone = "UIInterfaceOrientationPortrait UIInterfaceOrientationLandscapeLeft UIInterfaceOrientationLandscapeRight";
				LD_RUNPATH_SEARCH_PATHS = (
					"$(inherited)",
					"@executable_path/Frameworks",
				);
				MARKETING_VERSION = 1.0;
				PRODUCT_BUNDLE_IDENTIFIER = jitao.ZendeskDemo;
				PRODUCT_NAME = "$(TARGET_NAME)";
				SWIFT_EMIT_LOC_STRINGS = YES;
				TARGETED_DEVICE_FAMILY = "1,2";
			};
			name = Debug;
		};
		C4AFB5D228BE025900643E46 /* Release */ = {
			isa = XCBuildConfiguration;
			baseConfigurationReference = C416FF163447D7613FC4441E /* Pods-ZendeskDemo.release.xcconfig */;
			buildSettings = {
				ASSETCATALOG_COMPILER_APPICON_NAME = AppIcon;
				ASSETCATALOG_COMPILER_GLOBAL_ACCENT_COLOR_NAME = AccentColor;
				CODE_SIGN_STYLE = Automatic;
				CURRENT_PROJECT_VERSION = 1;
				GENERATE_INFOPLIST_FILE = YES;
				INFOPLIST_FILE = ZendeskDemo/Info.plist;
				INFOPLIST_KEY_UIApplicationSupportsIndirectInputEvents = YES;
				INFOPLIST_KEY_UILaunchStoryboardName = LaunchScreen;
				INFOPLIST_KEY_UIMainStoryboardFile = Main;
				INFOPLIST_KEY_UISupportedInterfaceOrientations_iPad = "UIInterfaceOrientationPortrait UIInterfaceOrientationPortraitUpsideDown UIInterfaceOrientationLandscapeLeft UIInterfaceOrientationLandscapeRight";
				INFOPLIST_KEY_UISupportedInterfaceOrientations_iPhone = "UIInterfaceOrientationPortrait UIInterfaceOrientationLandscapeLeft UIInterfaceOrientationLandscapeRight";
				LD_RUNPATH_SEARCH_PATHS = (
					"$(inherited)",
					"@executable_path/Frameworks",
				);
				MARKETING_VERSION = 1.0;
				PRODUCT_BUNDLE_IDENTIFIER = jitao.ZendeskDemo;
				PRODUCT_NAME = "$(TARGET_NAME)";
				SWIFT_EMIT_LOC_STRINGS = YES;
				TARGETED_DEVICE_FAMILY = "1,2";
			};
			name = Release;
		};
/* End XCBuildConfiguration section */

/* Begin XCConfigurationList section */
		C4AFB5B228BE025800643E46 /* Build configuration list for PBXProject "ZendeskDemo" */ = {
			isa = XCConfigurationList;
			buildConfigurations = (
				C4AFB5CE28BE025900643E46 /* Debug */,
				C4AFB5CF28BE025900643E46 /* Release */,
			);
			defaultConfigurationIsVisible = 0;
			defaultConfigurationName = Release;
		};
		C4AFB5D028BE025900643E46 /* Build configuration list for PBXNativeTarget "ZendeskDemo" */ = {
			isa = XCConfigurationList;
			buildConfigurations = (
				C4AFB5D128BE025900643E46 /* Debug */,
				C4AFB5D228BE025900643E46 /* Release */,
			);
			defaultConfigurationIsVisible = 0;
			defaultConfigurationName = Release;
		};
/* End XCConfigurationList section */
	};
	rootObject = C4AFB5AF28BE025800643E46 /* Project object */;
}
